<?xml version="1.0" encoding="utf-8"?>
<Project ToolsVersion="4.0" xmlns="http://schemas.microsoft.com/developer/msbuild/2003">
  <ItemGroup>
    <Filter Include="Hedron">
      <UniqueIdentifier>{85E62EB7-7188-598D-5A43-6DE14684E0DD}</UniqueIdentifier>
    </Filter>
  </ItemGroup>
  <ItemGroup>
    <ClInclude Include="src\Hedron.h" />
    <ClInclude Include="src\Hedron\Application.h">
      <Filter>Hedron</Filter>
    </ClInclude>
    <ClInclude Include="src\Hedron\Core.h">
      <Filter>Hedron</Filter>
    </ClInclude>
    <ClInclude Include="src\Hedron\EntryPoint.h">
      <Filter>Hedron</Filter>
    </ClInclude>
    <ClInclude Include="src\Hedron\Log.h">
      <Filter>Hedron</Filter>
    </ClInclude>
  </ItemGroup>
  <ItemGroup>
    <ClCompile Include="src\Hedron\Application.cpp">
      <Filter>Hedron</Filter>
    </ClCompile>
    <ClCompile Include="src\Hedron\Log.cpp">
      <Filter>Hedron</Filter>
    </ClCompile>
  </ItemGroup>
</Project>