
Microsoft Visual Studio Solution File, Format Version 12.00
# Visual Studio Version 17
VisualStudioVersion = 17.10.35122.118
MinimumVisualStudioVersion = 10.0.40219.
Project("{8BC9CEB8-8B4A-11D0-8D11-00A0C91BC942}") = "Sandbox", "Sandbox\Sandbox.vcxproj", "{06989C4B-9AF5-431D-9D30-F7BFB98BE166}"
EndProject
Project("{8BC9CEB8-8B4A-11D0-8D11-00A0C91BC942}") = "Hedron", "Hedron\Hedron.vcxproj", "{60AD1465-E4CD-45FA-AE55-BA0721EF7778}"
EndProject

Global
	GlobalSection(SolutionConfigurationPlatforms) = preSolution
		Debug|x64 = Debug|x64
		Release|x64 = Release|x64
	EndGlobalSection
	GlobalSection(ProjectConfigurationPlatforms) = postSolution
		{60AD1465-E4CD-45FA-AE55-BA0721EF7778}.Debug|x64.ActiveCfg = Debug|x64
		{60AD1465-E4CD-45FA-AE55-BA0721EF7778}.Debug|x64.Build.0 = Debug|x64
		{60AD1465-E4CD-45FA-AE55-BA0721EF7778}.Release|x64.ActiveCfg = Release|x64
		{60AD1465-E4CD-45FA-AE55-BA0721EF7778}.Release|x64.Build.0 = Release|x64
		{06989C4B-9AF5-431D-9D30-F7BFB98BE166}.Debug|x64.ActiveCfg = Debug|x64
		{06989C4B-9AF5-431D-9D30-F7BFB98BE166}.Debug|x64.Build.0 = Debug|x64
		{06989C4B-9AF5-431D-9D30-F7BFB98BE166}.Release|x64.ActiveCfg = Release|x64
		{06989C4B-9AF5-431D-9D30-F7BFB98BE166}.Release|x64.Build.0 = Release|x64
	EndGlobalSection
	GlobalSection(SolutionProperties) = preSolution
		HideSolutionNode = FALSE
	EndGlobalSection
	GlobalSection(ExtensibilityGlobals) = postSolution
		SolutionGuid = {FBB64667-FD13-44DC-9EA8-309C9BB4F136}
	EndGlobalSection
EndGlobal
